{
  "name": "hello-world",
  "version": "1.0.0",
  "lockfileVersion": 1,
  "requires": true,
  "dependencies": {
    "background-forever": {
      "version": "1.0.0",
      "resolved": "https://registry.npmjs.org/background-forever/-/background-forever-1.0.0.tgz",
      "integrity": "sha512-/fE4MFSgm72sjWGppt7mNpoiaj6d7YMecz4iHbUpA8OcMXbWdlCIkAoyY89MosCKu0gHbyhKAObeBlInd/QJQw=="
    }
  }
}
